
Microsoft Visual Studio Solution File, Format Version 12.00
# Visual Studio Version 16
VisualStudioVersion = 16.0.29613.14
MinimumVisualStudioVersion = 10.0.40219.1
Project("{9A19103F-16F7-4668-BE54-9A1E7A4F7556}") = "AOPLoggingUsingPostSharp", "AOPLoggingUsingPostSharp\AOPLoggingUsingPostSharp.csproj", "{68D72651-B28D-4007-B130-26DFC63BBB0F}"
EndProject
Project("{9A19103F-16F7-4668-BE54-9A1E7A4F7556}") = "Services", "Services\Services.csproj", "{9729BD01-B9CC-487F-A765-1F793B164007}"
EndProject
Project("{9A19103F-16F7-4668-BE54-9A1E7A4F7556}") = "Repositories", "Repositories\Repositories.csproj", "{9779C353-2850-40ED-8C8E-880E91A2F146}"
EndProject
Project("{9A19103F-16F7-4668-BE54-9A1E7A4F7556}") = "Common", "Common\Common.csproj", "{C16851C0-E4F5-46C6-948B-7DCFA3C568E8}"
EndProject
Project("{FAE04EC0-301F-11D3-BF4B-00C04F79EFBC}") = "Tests", "Tests\Tests.csproj", "{430A583D-1B9F-4FEA-B082-8A3CCC3CA4B4}"
EndProject
Global
	GlobalSection(SolutionConfigurationPlatforms) = preSolution
		Debug|Any CPU = Debug|Any CPU
		Release|Any CPU = Release|Any CPU
	EndGlobalSection
	GlobalSection(ProjectConfigurationPlatforms) = postSolution
		{68D72651-B28D-4007-B130-26DFC63BBB0F}.Debug|Any CPU.ActiveCfg = Debug|Any CPU
		{68D72651-B28D-4007-B130-26DFC63BBB0F}.Debug|Any CPU.Build.0 = Debug|Any CPU
		{68D72651-B28D-4007-B130-26DFC63BBB0F}.Release|Any CPU.ActiveCfg = Release|Any CPU
		{68D72651-B28D-4007-B130-26DFC63BBB0F}.Release|Any CPU.Build.0 = Release|Any CPU
		{9729BD01-B9CC-487F-A765-1F793B164007}.Debug|Any CPU.ActiveCfg = Debug|Any CPU
		{9729BD01-B9CC-487F-A765-1F793B164007}.Debug|Any CPU.Build.0 = Debug|Any CPU
		{9729BD01-B9CC-487F-A765-1F793B164007}.Release|Any CPU.ActiveCfg = Release|Any CPU
		{9729BD01-B9CC-487F-A765-1F793B164007}.Release|Any CPU.Build.0 = Release|Any CPU
		{9779C353-2850-40ED-8C8E-880E91A2F146}.Debug|Any CPU.ActiveCfg = Debug|Any CPU
		{9779C353-2850-40ED-8C8E-880E91A2F146}.Debug|Any CPU.Build.0 = Debug|Any CPU
		{9779C353-2850-40ED-8C8E-880E91A2F146}.Release|Any CPU.ActiveCfg = Release|Any CPU
		{9779C353-2850-40ED-8C8E-880E91A2F146}.Release|Any CPU.Build.0 = Release|Any CPU
		{C16851C0-E4F5-46C6-948B-7DCFA3C568E8}.Debug|Any CPU.ActiveCfg = Debug|Any CPU
		{C16851C0-E4F5-46C6-948B-7DCFA3C568E8}.Debug|Any CPU.Build.0 = Debug|Any CPU
		{C16851C0-E4F5-46C6-948B-7DCFA3C568E8}.Release|Any CPU.ActiveCfg = Release|Any CPU
		{C16851C0-E4F5-46C6-948B-7DCFA3C568E8}.Release|Any CPU.Build.0 = Release|Any CPU
		{430A583D-1B9F-4FEA-B082-8A3CCC3CA4B4}.Debug|Any CPU.ActiveCfg = Debug|Any CPU
		{430A583D-1B9F-4FEA-B082-8A3CCC3CA4B4}.Debug|Any CPU.Build.0 = Debug|Any CPU
		{430A583D-1B9F-4FEA-B082-8A3CCC3CA4B4}.Release|Any CPU.ActiveCfg = Release|Any CPU
		{430A583D-1B9F-4FEA-B082-8A3CCC3CA4B4}.Release|Any CPU.Build.0 = Release|Any CPU
	EndGlobalSection
	GlobalSection(SolutionProperties) = preSolution
		HideSolutionNode = FALSE
	EndGlobalSection
	GlobalSection(ExtensibilityGlobals) = postSolution
		SolutionGuid = {5D53CE47-4B67-417B-9D60-B3BA962699E9}
	EndGlobalSection
EndGlobal
